
Microsoft Visual Studio Solution File, Format Version 12.00
# Visual Studio Version 17
VisualStudioVersion = 17.11.35327.3
MinimumVisualStudioVersion = 10.0.40219.1
Project("{FAE04EC0-301F-11D3-BF4B-00C04F79EFBC}") = "DisNet", "DisNet\DisNet.csproj", "{4459D40A-C338-4F19-8E0D-F85F90BDA551}"
EndProject
Global
	GlobalSection(SolutionConfigurationPlatforms) = preSolution
		Debug|Any CPU = Debug|Any CPU
		Release|Any CPU = Release|Any CPU
	EndGlobalSection
	GlobalSection(ProjectConfigurationPlatforms) = postSolution
		{4459D40A-C338-4F19-8E0D-F85F90BDA551}.Debug|Any CPU.ActiveCfg = Debug|Any CPU
		{4459D40A-C338-4F19-8E0D-F85F90BDA551}.Debug|Any CPU.Build.0 = Debug|Any CPU
		{4459D40A-C338-4F19-8E0D-F85F90BDA551}.Release|Any CPU.ActiveCfg = Release|Any CPU
		{4459D40A-C338-4F19-8E0D-F85F90BDA551}.Release|Any CPU.Build.0 = Release|Any CPU
	EndGlobalSection
	GlobalSection(SolutionProperties) = preSolution
		HideSolutionNode = FALSE
	EndGlobalSection
	GlobalSection(ExtensibilityGlobals) = postSolution
		SolutionGuid = {89D10D56-1E1E-4690-98BD-891259A6F3FC}
	EndGlobalSection
EndGlobal
